// !$*UTF8*$!
{
	archiveVersion = 1;
	classes = {
	};
	objectVersion = 51;
	objects = {

/* Begin PBXBuildFile section */
		1D370F50269836DF003EB452 /* BaseTableViewCell.m in Sources */ = {isa = PBXBuildFile; fileRef = 1D370F40269836DF003EB452 /* BaseTableViewCell.m */; };
		1D370F51269836DF003EB452 /* BaseTabController.h in Headers */ = {isa = PBXBuildFile; fileRef = 1D370F41269836DF003EB452 /* BaseTabController.h */; };
		1D370F52269836DF003EB452 /* BaseView.m in Sources */ = {isa = PBXBuildFile; fileRef = 1D370F42269836DF003EB452 /* BaseView.m */; };
		1D370F53269836DF003EB452 /* APPWebVC.m in Sources */ = {isa = PBXBuildFile; fileRef = 1D370F43269836DF003EB452 /* APPWebVC.m */; };
		1D370F54269836DF003EB452 /* BaseViewController.m in Sources */ = {isa = PBXBuildFile; fileRef = 1D370F44269836DF003EB452 /* BaseViewController.m */; };
		1D370F55269836DF003EB452 /* BaseNavigationController.m in Sources */ = {isa = PBXBuildFile; fileRef = 1D370F45269836DF003EB452 /* BaseNavigationController.m */; };
		1D370F56269836DF003EB452 /* HLSwitch.m in Sources */ = {isa = PBXBuildFile; fileRef = 1D370F46269836DF003EB452 /* HLSwitch.m */; };
		1D370F57269836DF003EB452 /* JMPageVC.m in Sources */ = {isa = PBXBuildFile; fileRef = 1D370F47269836DF003EB452 /* JMPageVC.m */; };
		1D370F58269836DF003EB452 /* BaseTabController.m in Sources */ = {isa = PBXBuildFile; fileRef = 1D370F48269836DF003EB452 /* BaseTabController.m */; };
		1D370F59269836DF003EB452 /* BaseTableViewCell.h in Headers */ = {isa = PBXBuildFile; fileRef = 1D370F49269836DF003EB452 /* BaseTableViewCell.h */; };
		1D370F5A269836DF003EB452 /* APPWebVC.h in Headers */ = {isa = PBXBuildFile; fileRef = 1D370F4A269836DF003EB452 /* APPWebVC.h */; };
		1D370F5B269836DF003EB452 /* BaseView.h in Headers */ = {isa = PBXBuildFile; fileRef = 1D370F4B269836DF003EB452 /* BaseView.h */; };
		1D370F5C269836DF003EB452 /* HLSwitch.h in Headers */ = {isa = PBXBuildFile; fileRef = 1D370F4C269836DF003EB452 /* HLSwitch.h */; };
		1D370F5D269836DF003EB452 /* JMPageVC.h in Headers */ = {isa = PBXBuildFile; fileRef = 1D370F4D269836DF003EB452 /* JMPageVC.h */; };
		1D370F5E269836DF003EB452 /* BaseNavigationController.h in Headers */ = {isa = PBXBuildFile; fileRef = 1D370F4E269836DF003EB452 /* BaseNavigationController.h */; };
		1D370F5F269836DF003EB452 /* BaseViewController.h in Headers */ = {isa = PBXBuildFile; fileRef = 1D370F4F269836DF003EB452 /* BaseViewController.h */; };
		1D8EA8EB2698351A00B06E3E /* NumberCalculate.h in Headers */ = {isa = PBXBuildFile; fileRef = 1D8EA8B92698351A00B06E3E /* NumberCalculate.h */; };
		1D8EA8EC2698351A00B06E3E /* NumberCalculate.m in Sources */ = {isa = PBXBuildFile; fileRef = 1D8EA8BA2698351A00B06E3E /* NumberCalculate.m */; };
		1D8EA8ED2698351A00B06E3E /* btn_num_add@3x.png in Resources */ = {isa = PBXBuildFile; fileRef = 1D8EA8BC2698351A00B06E3E /* btn_num_add@3x.png */; };
		1D8EA8EE2698351A00B06E3E /* btn_num_minus@3x.png in Resources */ = {isa = PBXBuildFile; fileRef = 1D8EA8BD2698351A00B06E3E /* btn_num_minus@3x.png */; };
		1D8EA8EF2698351A00B06E3E /* btn_num_minus@2x.png in Resources */ = {isa = PBXBuildFile; fileRef = 1D8EA8BE2698351A00B06E3E /* btn_num_minus@2x.png */; };
		1D8EA8F02698351A00B06E3E /* btn_num_add@2x.png in Resources */ = {isa = PBXBuildFile; fileRef = 1D8EA8BF2698351A00B06E3E /* btn_num_add@2x.png */; };
		1D8EA8F12698351A00B06E3E /* LEEAlert+IFApp.h in Headers */ = {isa = PBXBuildFile; fileRef = 1D8EA8C12698351A00B06E3E /* LEEAlert+IFApp.h */; };
		1D8EA8F22698351A00B06E3E /* LEEAlert+IFApp.m in Sources */ = {isa = PBXBuildFile; fileRef = 1D8EA8C22698351A00B06E3E /* LEEAlert+IFApp.m */; };
		1D8EA8F32698351A00B06E3E /* UICollectionView+Layout.m in Sources */ = {isa = PBXBuildFile; fileRef = 1D8EA8C42698351A00B06E3E /* UICollectionView+Layout.m */; };
		1D8EA8F42698351A00B06E3E /* UICollectionView+Layout.h in Headers */ = {isa = PBXBuildFile; fileRef = 1D8EA8C52698351A00B06E3E /* UICollectionView+Layout.h */; };
		1D8EA8F52698351A00B06E3E /* UITextField+HLText.m in Sources */ = {isa = PBXBuildFile; fileRef = 1D8EA8C72698351A00B06E3E /* UITextField+HLText.m */; };
		1D8EA8F62698351A00B06E3E /* UITextView+HLText.m in Sources */ = {isa = PBXBuildFile; fileRef = 1D8EA8C82698351A00B06E3E /* UITextView+HLText.m */; };
		1D8EA8F72698351A00B06E3E /* UIView+UICatgory.m in Sources */ = {isa = PBXBuildFile; fileRef = 1D8EA8C92698351A00B06E3E /* UIView+UICatgory.m */; };
		1D8EA8F82698351A00B06E3E /* UILabel+HLText.m in Sources */ = {isa = PBXBuildFile; fileRef = 1D8EA8CA2698351A00B06E3E /* UILabel+HLText.m */; };
		1D8EA8F92698351A00B06E3E /* UITextField+HLText.h in Headers */ = {isa = PBXBuildFile; fileRef = 1D8EA8CB2698351A00B06E3E /* UITextField+HLText.h */; };
		1D8EA8FA2698351A00B06E3E /* UIView+UICatgory.h in Headers */ = {isa = PBXBuildFile; fileRef = 1D8EA8CC2698351A00B06E3E /* UIView+UICatgory.h */; };
		1D8EA8FB2698351A00B06E3E /* UITextView+HLText.h in Headers */ = {isa = PBXBuildFile; fileRef = 1D8EA8CD2698351A00B06E3E /* UITextView+HLText.h */; };
		1D8EA8FC2698351A00B06E3E /* UILabel+HLText.h in Headers */ = {isa = PBXBuildFile; fileRef = 1D8EA8CE2698351A00B06E3E /* UILabel+HLText.h */; };
		1D8EA8FD2698351A00B06E3E /* NSData+Base64.h in Headers */ = {isa = PBXBuildFile; fileRef = 1D8EA8CF2698351A00B06E3E /* NSData+Base64.h */; };
		1D8EA8FE2698351A00B06E3E /* SUNTextStepper.h in Headers */ = {isa = PBXBuildFile; fileRef = 1D8EA8D12698351A00B06E3E /* SUNTextStepper.h */; };
		1D8EA8FF2698351A00B06E3E /* SUNTextStepper.m in Sources */ = {isa = PBXBuildFile; fileRef = 1D8EA8D22698351A00B06E3E /* SUNTextStepper.m */; };
		1D8EA9002698351A00B06E3E /* CALayer+JM.m in Sources */ = {isa = PBXBuildFile; fileRef = 1D8EA8D42698351A00B06E3E /* CALayer+JM.m */; };
		1D8EA9012698351A00B06E3E /* UIButton+JMSwich.h in Headers */ = {isa = PBXBuildFile; fileRef = 1D8EA8D52698351A00B06E3E /* UIButton+JMSwich.h */; };
		1D8EA9022698351A00B06E3E /* CALayer+JM.h in Headers */ = {isa = PBXBuildFile; fileRef = 1D8EA8D62698351A00B06E3E /* CALayer+JM.h */; };
		1D8EA9032698351A00B06E3E /* UIButton+JMSwich.m in Sources */ = {isa = PBXBuildFile; fileRef = 1D8EA8D72698351A00B06E3E /* UIButton+JMSwich.m */; };
		1D8EA9042698351A00B06E3E /* UIViewController+Share.m in Sources */ = {isa = PBXBuildFile; fileRef = 1D8EA8D92698351A00B06E3E /* UIViewController+Share.m */; };
		1D8EA9052698351A00B06E3E /* UIViewController+Share.h in Headers */ = {isa = PBXBuildFile; fileRef = 1D8EA8DA2698351A00B06E3E /* UIViewController+Share.h */; };
		1D8EA9062698351A00B06E3E /* NSString+Category.h in Headers */ = {isa = PBXBuildFile; fileRef = 1D8EA8DC2698351A00B06E3E /* NSString+Category.h */; };
		1D8EA9072698351A00B06E3E /* NSString+NCDate.h in Headers */ = {isa = PBXBuildFile; fileRef = 1D8EA8DD2698351A00B06E3E /* NSString+NCDate.h */; };
		1D8EA9082698351A00B06E3E /* NSString+Base64.m in Sources */ = {isa = PBXBuildFile; fileRef = 1D8EA8DE2698351A00B06E3E /* NSString+Base64.m */; };
		1D8EA9092698351A00B06E3E /* NSString+JSON.m in Sources */ = {isa = PBXBuildFile; fileRef = 1D8EA8DF2698351A00B06E3E /* NSString+JSON.m */; };
		1D8EA90A2698351A00B06E3E /* NSString+NCDate.m in Sources */ = {isa = PBXBuildFile; fileRef = 1D8EA8E02698351A00B06E3E /* NSString+NCDate.m */; };
		1D8EA90B2698351A00B06E3E /* NSString+Category.m in Sources */ = {isa = PBXBuildFile; fileRef = 1D8EA8E12698351A00B06E3E /* NSString+Category.m */; };
		1D8EA90C2698351A00B06E3E /* NSString+Base64.h in Headers */ = {isa = PBXBuildFile; fileRef = 1D8EA8E22698351A00B06E3E /* NSString+Base64.h */; };
		1D8EA90D2698351A00B06E3E /* NSString+JSON.h in Headers */ = {isa = PBXBuildFile; fileRef = 1D8EA8E32698351A00B06E3E /* NSString+JSON.h */; };
		1D8EA90E2698351A00B06E3E /* IFDurationButton.h in Headers */ = {isa = PBXBuildFile; fileRef = 1D8EA8E52698351A00B06E3E /* IFDurationButton.h */; };
		1D8EA90F2698351A00B06E3E /* IFDurationButton.m in Sources */ = {isa = PBXBuildFile; fileRef = 1D8EA8E62698351A00B06E3E /* IFDurationButton.m */; };
		1D8EA9102698351A00B06E3E /* NSData+Base64.m in Sources */ = {isa = PBXBuildFile; fileRef = 1D8EA8E72698351A00B06E3E /* NSData+Base64.m */; };
		1D8EA9112698351A00B06E3E /* NSObject+IFSystem.h in Headers */ = {isa = PBXBuildFile; fileRef = 1D8EA8E92698351A00B06E3E /* NSObject+IFSystem.h */; };
		1D8EA9122698351A00B06E3E /* NSObject+IFSystem.m in Sources */ = {isa = PBXBuildFile; fileRef = 1D8EA8EA2698351A00B06E3E /* NSObject+IFSystem.m */; };
		1D8EA91A2698359000B06E3E /* SizeConst.h in Headers */ = {isa = PBXBuildFile; fileRef = 1D8EA9142698359000B06E3E /* SizeConst.h */; };
		1D8EA91B2698359000B06E3E /* AppKeyConst.h in Headers */ = {isa = PBXBuildFile; fileRef = 1D8EA9152698359000B06E3E /* AppKeyConst.h */; };
		1D8EA91C2698359000B06E3E /* FontConfig.h in Headers */ = {isa = PBXBuildFile; fileRef = 1D8EA9162698359000B06E3E /* FontConfig.h */; };
		1D8EA91D2698359000B06E3E /* ColorConfig.h in Headers */ = {isa = PBXBuildFile; fileRef = 1D8EA9172698359000B06E3E /* ColorConfig.h */; };
		1D8EA91E2698359000B06E3E /* CustomConst.h in Headers */ = {isa = PBXBuildFile; fileRef = 1D8EA9182698359000B06E3E /* CustomConst.h */; };
		1D8EA91F2698359000B06E3E /* RequestPath.h in Headers */ = {isa = PBXBuildFile; fileRef = 1D8EA9192698359000B06E3E /* RequestPath.h */; };
		1D9B7D2A268C6F2E00945D13 /* AppDelegate.m in Sources */ = {isa = PBXBuildFile; fileRef = 1D9B7D29268C6F2E00945D13 /* AppDelegate.m */; };
		1D9B7D30268C6F2E00945D13 /* ViewController.m in Sources */ = {isa = PBXBuildFile; fileRef = 1D9B7D2F268C6F2E00945D13 /* ViewController.m */; };
		1D9B7D33268C6F2E00945D13 /* Main.storyboard in Resources */ = {isa = PBXBuildFile; fileRef = 1D9B7D31268C6F2E00945D13 /* Main.storyboard */; };
		1D9B7D35268C6F3100945D13 /* Assets.xcassets in Resources */ = {isa = PBXBuildFile; fileRef = 1D9B7D34268C6F3100945D13 /* Assets.xcassets */; };
		1D9B7D38268C6F3100945D13 /* LaunchScreen.storyboard in Resources */ = {isa = PBXBuildFile; fileRef = 1D9B7D36268C6F3100945D13 /* LaunchScreen.storyboard */; };
		1D9B7D3B268C6F3100945D13 /* main.m in Sources */ = {isa = PBXBuildFile; fileRef = 1D9B7D3A268C6F3100945D13 /* main.m */; };
		1D9B7D48268C73A500945D13 /* MBProgressHUD+LL.m in Sources */ = {isa = PBXBuildFile; fileRef = 1D9B7D42268C73A500945D13 /* MBProgressHUD+LL.m */; };
		1D9B7D49268C73A500945D13 /* MBProgressHUD+LL.bundle in Resources */ = {isa = PBXBuildFile; fileRef = 1D9B7D44268C73A500945D13 /* MBProgressHUD+LL.bundle */; };
		1D9B7D4A268C73A500945D13 /* MBProgressHUD+SGQRCode.m in Sources */ = {isa = PBXBuildFile; fileRef = 1D9B7D46268C73A500945D13 /* MBProgressHUD+SGQRCode.m */; };
		1D9B7D4B268C73A500945D13 /* MBProgressHUD.bundle in Resources */ = {isa = PBXBuildFile; fileRef = 1D9B7D47268C73A500945D13 /* MBProgressHUD.bundle */; };
		1D9B7D50268C79FA00945D13 /* HUDVC.m in Sources */ = {isa = PBXBuildFile; fileRef = 1D9B7D4E268C79FA00945D13 /* HUDVC.m */; };
		1D9B7D51268C79FA00945D13 /* HUDVC.xib in Resources */ = {isa = PBXBuildFile; fileRef = 1D9B7D4F268C79FA00945D13 /* HUDVC.xib */; };
		6B944A33BDD1E7F9389CD112 /* Pods_WZKLibrary.framework in Frameworks */ = {isa = PBXBuildFile; fileRef = CCCF9F0C0118BC721D6922A2 /* Pods_WZKLibrary.framework */; };
/* End PBXBuildFile section */

/* Begin PBXFileReference section */
		1D370F40269836DF003EB452 /* BaseTableViewCell.m */ = {isa = PBXFileReference; fileEncoding = 4; lastKnownFileType = sourcecode.c.objc; path = BaseTableViewCell.m; sourceTree = "<group>"; };
		1D370F41269836DF003EB452 /* BaseTabController.h */ = {isa = PBXFileReference; fileEncoding = 4; lastKnownFileType = sourcecode.c.h; path = BaseTabController.h; sourceTree = "<group>"; };
		1D370F42269836DF003EB452 /* BaseView.m */ = {isa = PBXFileReference; fileEncoding = 4; lastKnownFileType = sourcecode.c.objc; path = BaseView.m; sourceTree = "<group>"; };
		1D370F43269836DF003EB452 /* APPWebVC.m */ = {isa = PBXFileReference; fileEncoding = 4; lastKnownFileType = sourcecode.c.objc; path = APPWebVC.m; sourceTree = "<group>"; };
		1D370F44269836DF003EB452 /* BaseViewController.m */ = {isa = PBXFileReference; fileEncoding = 4; lastKnownFileType = sourcecode.c.objc; path = BaseViewController.m; sourceTree = "<group>"; };
		1D370F45269836DF003EB452 /* BaseNavigationController.m */ = {isa = PBXFileReference; fileEncoding = 4; lastKnownFileType = sourcecode.c.objc; path = BaseNavigationController.m; sourceTree = "<group>"; };
		1D370F46269836DF003EB452 /* HLSwitch.m */ = {isa = PBXFileReference; fileEncoding = 4; lastKnownFileType = sourcecode.c.objc; path = HLSwitch.m; sourceTree = "<group>"; };
		1D370F47269836DF003EB452 /* JMPageVC.m */ = {isa = PBXFileReference; fileEncoding = 4; lastKnownFileType = sourcecode.c.objc; path = JMPageVC.m; sourceTree = "<group>"; };
		1D370F48269836DF003EB452 /* BaseTabController.m */ = {isa = PBXFileReference; fileEncoding = 4; lastKnownFileType = sourcecode.c.objc; path = BaseTabController.m; sourceTree = "<group>"; };
		1D370F49269836DF003EB452 /* BaseTableViewCell.h */ = {isa = PBXFileReference; fileEncoding = 4; lastKnownFileType = sourcecode.c.h; path = BaseTableViewCell.h; sourceTree = "<group>"; };
		1D370F4A269836DF003EB452 /* APPWebVC.h */ = {isa = PBXFileReference; fileEncoding = 4; lastKnownFileType = sourcecode.c.h; path = APPWebVC.h; sourceTree = "<group>"; };
		1D370F4B269836DF003EB452 /* BaseView.h */ = {isa = PBXFileReference; fileEncoding = 4; lastKnownFileType = sourcecode.c.h; path = BaseView.h; sourceTree = "<group>"; };
		1D370F4C269836DF003EB452 /* HLSwitch.h */ = {isa = PBXFileReference; fileEncoding = 4; lastKnownFileType = sourcecode.c.h; path = HLSwitch.h; sourceTree = "<group>"; };
		1D370F4D269836DF003EB452 /* JMPageVC.h */ = {isa = PBXFileReference; fileEncoding = 4; lastKnownFileType = sourcecode.c.h; path = JMPageVC.h; sourceTree = "<group>"; };
		1D370F4E269836DF003EB452 /* BaseNavigationController.h */ = {isa = PBXFileReference; fileEncoding = 4; lastKnownFileType = sourcecode.c.h; path = BaseNavigationController.h; sourceTree = "<group>"; };
		1D370F4F269836DF003EB452 /* BaseViewController.h */ = {isa = PBXFileReference; fileEncoding = 4; lastKnownFileType = sourcecode.c.h; path = BaseViewController.h; sourceTree = "<group>"; };
		1D8EA8B92698351A00B06E3E /* NumberCalculate.h */ = {isa = PBXFileReference; fileEncoding = 4; lastKnownFileType = sourcecode.c.h; path = NumberCalculate.h; sourceTree = "<group>"; };
		1D8EA8BA2698351A00B06E3E /* NumberCalculate.m */ = {isa = PBXFileReference; fileEncoding = 4; lastKnownFileType = sourcecode.c.objc; path = NumberCalculate.m; sourceTree = "<group>"; };
		1D8EA8BC2698351A00B06E3E /* btn_num_add@3x.png */ = {isa = PBXFileReference; lastKnownFileType = image.png; path = "btn_num_add@3x.png"; sourceTree = "<group>"; };
		1D8EA8BD2698351A00B06E3E /* btn_num_minus@3x.png */ = {isa = PBXFileReference; lastKnownFileType = image.png; path = "btn_num_minus@3x.png"; sourceTree = "<group>"; };
		1D8EA8BE2698351A00B06E3E /* btn_num_minus@2x.png */ = {isa = PBXFileReference; lastKnownFileType = image.png; path = "btn_num_minus@2x.png"; sourceTree = "<group>"; };
		1D8EA8BF2698351A00B06E3E /* btn_num_add@2x.png */ = {isa = PBXFileReference; lastKnownFileType = image.png; path = "btn_num_add@2x.png"; sourceTree = "<group>"; };
		1D8EA8C12698351A00B06E3E /* LEEAlert+IFApp.h */ = {isa = PBXFileReference; fileEncoding = 4; lastKnownFileType = sourcecode.c.h; path = "LEEAlert+IFApp.h"; sourceTree = "<group>"; };
		1D8EA8C22698351A00B06E3E /* LEEAlert+IFApp.m */ = {isa = PBXFileReference; fileEncoding = 4; lastKnownFileType = sourcecode.c.objc; path = "LEEAlert+IFApp.m"; sourceTree = "<group>"; };
		1D8EA8C42698351A00B06E3E /* UICollectionView+Layout.m */ = {isa = PBXFileReference; fileEncoding = 4; lastKnownFileType = sourcecode.c.objc; path = "UICollectionView+Layout.m"; sourceTree = "<group>"; };
		1D8EA8C52698351A00B06E3E /* UICollectionView+Layout.h */ = {isa = PBXFileReference; fileEncoding = 4; lastKnownFileType = sourcecode.c.h; path = "UICollectionView+Layout.h"; sourceTree = "<group>"; };
		1D8EA8C72698351A00B06E3E /* UITextField+HLText.m */ = {isa = PBXFileReference; fileEncoding = 4; lastKnownFileType = sourcecode.c.objc; path = "UITextField+HLText.m"; sourceTree = "<group>"; };
		1D8EA8C82698351A00B06E3E /* UITextView+HLText.m */ = {isa = PBXFileReference; fileEncoding = 4; lastKnownFileType = sourcecode.c.objc; path = "UITextView+HLText.m"; sourceTree = "<group>"; };
		1D8EA8C92698351A00B06E3E /* UIView+UICatgory.m */ = {isa = PBXFileReference; fileEncoding = 4; lastKnownFileType = sourcecode.c.objc; path = "UIView+UICatgory.m"; sourceTree = "<group>"; };
		1D8EA8CA2698351A00B06E3E /* UILabel+HLText.m */ = {isa = PBXFileReference; fileEncoding = 4; lastKnownFileType = sourcecode.c.objc; path = "UILabel+HLText.m"; sourceTree = "<group>"; };
		1D8EA8CB2698351A00B06E3E /* UITextField+HLText.h */ = {isa = PBXFileReference; fileEncoding = 4; lastKnownFileType = sourcecode.c.h; path = "UITextField+HLText.h"; sourceTree = "<group>"; };
		1D8EA8CC2698351A00B06E3E /* UIView+UICatgory.h */ = {isa = PBXFileReference; fileEncoding = 4; lastKnownFileType = sourcecode.c.h; path = "UIView+UICatgory.h"; sourceTree = "<group>"; };
		1D8EA8CD2698351A00B06E3E /* UITextView+HLText.h */ = {isa = PBXFileReference; fileEncoding = 4; lastKnownFileType = sourcecode.c.h; path = "UITextView+HLText.h"; sourceTree = "<group>"; };
		1D8EA8CE2698351A00B06E3E /* UILabel+HLText.h */ = {isa = PBXFileReference; fileEncoding = 4; lastKnownFileType = sourcecode.c.h; path = "UILabel+HLText.h"; sourceTree = "<group>"; };
		1D8EA8CF2698351A00B06E3E /* NSData+Base64.h */ = {isa = PBXFileReference; fileEncoding = 4; lastKnownFileType = sourcecode.c.h; path = "NSData+Base64.h"; sourceTree = "<group>"; };
		1D8EA8D12698351A00B06E3E /* SUNTextStepper.h */ = {isa = PBXFileReference; fileEncoding = 4; lastKnownFileType = sourcecode.c.h; path = SUNTextStepper.h; sourceTree = "<group>"; };
		1D8EA8D22698351A00B06E3E /* SUNTextStepper.m */ = {isa = PBXFileReference; fileEncoding = 4; lastKnownFileType = sourcecode.c.objc; path = SUNTextStepper.m; sourceTree = "<group>"; };
		1D8EA8D42698351A00B06E3E /* CALayer+JM.m */ = {isa = PBXFileReference; fileEncoding = 4; lastKnownFileType = sourcecode.c.objc; path = "CALayer+JM.m"; sourceTree = "<group>"; };
		1D8EA8D52698351A00B06E3E /* UIButton+JMSwich.h */ = {isa = PBXFileReference; fileEncoding = 4; lastKnownFileType = sourcecode.c.h; path = "UIButton+JMSwich.h"; sourceTree = "<group>"; };
		1D8EA8D62698351A00B06E3E /* CALayer+JM.h */ = {isa = PBXFileReference; fileEncoding = 4; lastKnownFileType = sourcecode.c.h; path = "CALayer+JM.h"; sourceTree = "<group>"; };
		1D8EA8D72698351A00B06E3E /* UIButton+JMSwich.m */ = {isa = PBXFileReference; fileEncoding = 4; lastKnownFileType = sourcecode.c.objc; path = "UIButton+JMSwich.m"; sourceTree = "<group>"; };
		1D8EA8D92698351A00B06E3E /* UIViewController+Share.m */ = {isa = PBXFileReference; fileEncoding = 4; lastKnownFileType = sourcecode.c.objc; path = "UIViewController+Share.m"; sourceTree = "<group>"; };
		1D8EA8DA2698351A00B06E3E /* UIViewController+Share.h */ = {isa = PBXFileReference; fileEncoding = 4; lastKnownFileType = sourcecode.c.h; path = "UIViewController+Share.h"; sourceTree = "<group>"; };
		1D8EA8DC2698351A00B06E3E /* NSString+Category.h */ = {isa = PBXFileReference; fileEncoding = 4; lastKnownFileType = sourcecode.c.h; path = "NSString+Category.h"; sourceTree = "<group>"; };
		1D8EA8DD2698351A00B06E3E /* NSString+NCDate.h */ = {isa = PBXFileReference; fileEncoding = 4; lastKnownFileType = sourcecode.c.h; path = "NSString+NCDate.h"; sourceTree = "<group>"; };
		1D8EA8DE2698351A00B06E3E /* NSString+Base64.m */ = {isa = PBXFileReference; fileEncoding = 4; lastKnownFileType = sourcecode.c.objc; path = "NSString+Base64.m"; sourceTree = "<group>"; };
		1D8EA8DF2698351A00B06E3E /* NSString+JSON.m */ = {isa = PBXFileReference; fileEncoding = 4; lastKnownFileType = sourcecode.c.objc; path = "NSString+JSON.m"; sourceTree = "<group>"; };
		1D8EA8E02698351A00B06E3E /* NSString+NCDate.m */ = {isa = PBXFileReference; fileEncoding = 4; lastKnownFileType = sourcecode.c.objc; path = "NSString+NCDate.m"; sourceTree = "<group>"; };
		1D8EA8E12698351A00B06E3E /* NSString+Category.m */ = {isa = PBXFileReference; fileEncoding = 4; lastKnownFileType = sourcecode.c.objc; path = "NSString+Category.m"; sourceTree = "<group>"; };
		1D8EA8E22698351A00B06E3E /* NSString+Base64.h */ = {isa = PBXFileReference; fileEncoding = 4; lastKnownFileType = sourcecode.c.h; path = "NSString+Base64.h"; sourceTree = "<group>"; };
		1D8EA8E32698351A00B06E3E /* NSString+JSON.h */ = {isa = PBXFileReference; fileEncoding = 4; lastKnownFileType = sourcecode.c.h; path = "NSString+JSON.h"; sourceTree = "<group>"; };
		1D8EA8E52698351A00B06E3E /* IFDurationButton.h */ = {isa = PBXFileReference; fileEncoding = 4; lastKnownFileType = sourcecode.c.h; path = IFDurationButton.h; sourceTree = "<group>"; };
		1D8EA8E62698351A00B06E3E /* IFDurationButton.m */ = {isa = PBXFileReference; fileEncoding = 4; lastKnownFileType = sourcecode.c.objc; path = IFDurationButton.m; sourceTree = "<group>"; };
		1D8EA8E72698351A00B06E3E /* NSData+Base64.m */ = {isa = PBXFileReference; fileEncoding = 4; lastKnownFileType = sourcecode.c.objc; path = "NSData+Base64.m"; sourceTree = "<group>"; };
		1D8EA8E92698351A00B06E3E /* NSObject+IFSystem.h */ = {isa = PBXFileReference; fileEncoding = 4; lastKnownFileType = sourcecode.c.h; path = "NSObject+IFSystem.h"; sourceTree = "<group>"; };
		1D8EA8EA2698351A00B06E3E /* NSObject+IFSystem.m */ = {isa = PBXFileReference; fileEncoding = 4; lastKnownFileType = sourcecode.c.objc; path = "NSObject+IFSystem.m"; sourceTree = "<group>"; };
		1D8EA9142698359000B06E3E /* SizeConst.h */ = {isa = PBXFileReference; fileEncoding = 4; lastKnownFileType = sourcecode.c.h; path = SizeConst.h; sourceTree = "<group>"; };
		1D8EA9152698359000B06E3E /* AppKeyConst.h */ = {isa = PBXFileReference; fileEncoding = 4; lastKnownFileType = sourcecode.c.h; path = AppKeyConst.h; sourceTree = "<group>"; };
		1D8EA9162698359000B06E3E /* FontConfig.h */ = {isa = PBXFileReference; fileEncoding = 4; lastKnownFileType = sourcecode.c.h; path = FontConfig.h; sourceTree = "<group>"; };
		1D8EA9172698359000B06E3E /* ColorConfig.h */ = {isa = PBXFileReference; fileEncoding = 4; lastKnownFileType = sourcecode.c.h; path = ColorConfig.h; sourceTree = "<group>"; };
		1D8EA9182698359000B06E3E /* CustomConst.h */ = {isa = PBXFileReference; fileEncoding = 4; lastKnownFileType = sourcecode.c.h; path = CustomConst.h; sourceTree = "<group>"; };
		1D8EA9192698359000B06E3E /* RequestPath.h */ = {isa = PBXFileReference; fileEncoding = 4; lastKnownFileType = sourcecode.c.h; path = RequestPath.h; sourceTree = "<group>"; };
		1D9B7D25268C6F2E00945D13 /* WZKLibrary.app */ = {isa = PBXFileReference; explicitFileType = wrapper.application; includeInIndex = 0; path = WZKLibrary.app; sourceTree = BUILT_PRODUCTS_DIR; };
		1D9B7D28268C6F2E00945D13 /* AppDelegate.h */ = {isa = PBXFileReference; lastKnownFileType = sourcecode.c.h; path = AppDelegate.h; sourceTree = "<group>"; };
		1D9B7D29268C6F2E00945D13 /* AppDelegate.m */ = {isa = PBXFileReference; lastKnownFileType = sourcecode.c.objc; path = AppDelegate.m; sourceTree = "<group>"; };
		1D9B7D2E268C6F2E00945D13 /* ViewController.h */ = {isa = PBXFileReference; lastKnownFileType = sourcecode.c.h; path = ViewController.h; sourceTree = "<group>"; };
		1D9B7D2F268C6F2E00945D13 /* ViewController.m */ = {isa = PBXFileReference; lastKnownFileType = sourcecode.c.objc; path = ViewController.m; sourceTree = "<group>"; };
		1D9B7D32268C6F2E00945D13 /* Base */ = {isa = PBXFileReference; lastKnownFileType = file.storyboard; name = Base; path = Base.lproj/Main.storyboard; sourceTree = "<group>"; };
		1D9B7D34268C6F3100945D13 /* Assets.xcassets */ = {isa = PBXFileReference; lastKnownFileType = folder.assetcatalog; path = Assets.xcassets; sourceTree = "<group>"; };
		1D9B7D37268C6F3100945D13 /* Base */ = {isa = PBXFileReference; lastKnownFileType = file.storyboard; name = Base; path = Base.lproj/LaunchScreen.storyboard; sourceTree = "<group>"; };
		1D9B7D39268C6F3100945D13 /* Info.plist */ = {isa = PBXFileReference; lastKnownFileType = text.plist.xml; path = Info.plist; sourceTree = "<group>"; };
		1D9B7D3A268C6F3100945D13 /* main.m */ = {isa = PBXFileReference; lastKnownFileType = sourcecode.c.objc; path = main.m; sourceTree = "<group>"; };
		1D9B7D42268C73A500945D13 /* MBProgressHUD+LL.m */ = {isa = PBXFileReference; fileEncoding = 4; lastKnownFileType = sourcecode.c.objc; path = "MBProgressHUD+LL.m"; sourceTree = "<group>"; };
		1D9B7D43268C73A500945D13 /* MBProgressHUD+SGQRCode.h */ = {isa = PBXFileReference; fileEncoding = 4; lastKnownFileType = sourcecode.c.h; path = "MBProgressHUD+SGQRCode.h"; sourceTree = "<group>"; };
		1D9B7D44268C73A500945D13 /* MBProgressHUD+LL.bundle */ = {isa = PBXFileReference; lastKnownFileType = "wrapper.plug-in"; path = "MBProgressHUD+LL.bundle"; sourceTree = "<group>"; };
		1D9B7D45268C73A500945D13 /* MBProgressHUD+LL.h */ = {isa = PBXFileReference; fileEncoding = 4; lastKnownFileType = sourcecode.c.h; path = "MBProgressHUD+LL.h"; sourceTree = "<group>"; };
		1D9B7D46268C73A500945D13 /* MBProgressHUD+SGQRCode.m */ = {isa = PBXFileReference; fileEncoding = 4; lastKnownFileType = sourcecode.c.objc; path = "MBProgressHUD+SGQRCode.m"; sourceTree = "<group>"; };
		1D9B7D47268C73A500945D13 /* MBProgressHUD.bundle */ = {isa = PBXFileReference; lastKnownFileType = "wrapper.plug-in"; path = MBProgressHUD.bundle; sourceTree = "<group>"; };
		1D9B7D4D268C79FA00945D13 /* HUDVC.h */ = {isa = PBXFileReference; lastKnownFileType = sourcecode.c.h; path = HUDVC.h; sourceTree = "<group>"; };
		1D9B7D4E268C79FA00945D13 /* HUDVC.m */ = {isa = PBXFileReference; lastKnownFileType = sourcecode.c.objc; path = HUDVC.m; sourceTree = "<group>"; };
		1D9B7D4F268C79FA00945D13 /* HUDVC.xib */ = {isa = PBXFileReference; lastKnownFileType = file.xib; path = HUDVC.xib; sourceTree = "<group>"; };
		1DA40D3D2698495B00711ED5 /* BaseUI.h */ = {isa = PBXFileReference; lastKnownFileType = sourcecode.c.h; path = BaseUI.h; sourceTree = "<group>"; };
		1DA40D3E26984AE200711ED5 /* AppConfig.h */ = {isa = PBXFileReference; lastKnownFileType = sourcecode.c.h; path = AppConfig.h; sourceTree = "<group>"; };
		1DA40D3F26984B6500711ED5 /* Categories.h */ = {isa = PBXFileReference; lastKnownFileType = sourcecode.c.h; path = Categories.h; sourceTree = "<group>"; };
		1DA40D4026984D1100711ED5 /* WZKLibrary.h */ = {isa = PBXFileReference; lastKnownFileType = sourcecode.c.h; path = WZKLibrary.h; sourceTree = "<group>"; };
		5CD18886BE16121A0321821B /* Pods-WZKLibrary.release.xcconfig */ = {isa = PBXFileReference; includeInIndex = 1; lastKnownFileType = text.xcconfig; name = "Pods-WZKLibrary.release.xcconfig"; path = "Target Support Files/Pods-WZKLibrary/Pods-WZKLibrary.release.xcconfig"; sourceTree = "<group>"; };
		99C7D6337A9AB0F53632575E /* Pods-WZKLibrary.debug.xcconfig */ = {isa = PBXFileReference; includeInIndex = 1; lastKnownFileType = text.xcconfig; name = "Pods-WZKLibrary.debug.xcconfig"; path = "Target Support Files/Pods-WZKLibrary/Pods-WZKLibrary.debug.xcconfig"; sourceTree = "<group>"; };
		CCCF9F0C0118BC721D6922A2 /* Pods_WZKLibrary.framework */ = {isa = PBXFileReference; explicitFileType = wrapper.framework; includeInIndex = 0; path = Pods_WZKLibrary.framework; sourceTree = BUILT_PRODUCTS_DIR; };
/* End PBXFileReference section */

/* Begin PBXFrameworksBuildPhase section */
		1D9B7D22268C6F2E00945D13 /* Frameworks */ = {
			isa = PBXFrameworksBuildPhase;
			buildActionMask = 2147483647;
			files = (
				6B944A33BDD1E7F9389CD112 /* Pods_WZKLibrary.framework in Frameworks */,
			);
			runOnlyForDeploymentPostprocessing = 0;
		};
/* End PBXFrameworksBuildPhase section */

/* Begin PBXGroup section */
		1D370F3F269836DF003EB452 /* BaseUI */ = {
			isa = PBXGroup;
			children = (
				1DA40D3D2698495B00711ED5 /* BaseUI.h */,
				1D370F49269836DF003EB452 /* BaseTableViewCell.h */,
				1D370F40269836DF003EB452 /* BaseTableViewCell.m */,
				1D370F41269836DF003EB452 /* BaseTabController.h */,
				1D370F48269836DF003EB452 /* BaseTabController.m */,
				1D370F4E269836DF003EB452 /* BaseNavigationController.h */,
				1D370F45269836DF003EB452 /* BaseNavigationController.m */,
				1D370F4C269836DF003EB452 /* HLSwitch.h */,
				1D370F46269836DF003EB452 /* HLSwitch.m */,
				1D370F4D269836DF003EB452 /* JMPageVC.h */,
				1D370F47269836DF003EB452 /* JMPageVC.m */,
				1D370F4F269836DF003EB452 /* BaseViewController.h */,
				1D370F44269836DF003EB452 /* BaseViewController.m */,
				1D370F4A269836DF003EB452 /* APPWebVC.h */,
				1D370F43269836DF003EB452 /* APPWebVC.m */,
				1D370F4B269836DF003EB452 /* BaseView.h */,
				1D370F42269836DF003EB452 /* BaseView.m */,
			);
			path = BaseUI;
			sourceTree = "<group>";
		};
		1D8EA8B72698351A00B06E3E /* Categories */ = {
			isa = PBXGroup;
			children = (
				1D8EA8B82698351A00B06E3E /* NumberCalculate */,
				1D8EA8C02698351A00B06E3E /* LEEAlertCategory */,
				1D8EA8C32698351A00B06E3E /* CollectionView */,
				1D8EA8C62698351A00B06E3E /* UIViewCategory */,
				1D8EA8CF2698351A00B06E3E /* NSData+Base64.h */,
				1D8EA8D02698351A00B06E3E /* SKYTextStepper */,
				1D8EA8D32698351A00B06E3E /* Layer */,
				1D8EA8D82698351A00B06E3E /* UIViewControllerShare */,
				1D8EA8DB2698351A00B06E3E /* NSStringCategory */,
				1D8EA8E42698351A00B06E3E /* ButtonCategory */,
				1D8EA8E72698351A00B06E3E /* NSData+Base64.m */,
				1D8EA8E82698351A00B06E3E /* NSObjectCateGories */,
				1DA40D3F26984B6500711ED5 /* Categories.h */,
			);
			path = Categories;
			sourceTree = "<group>";
		};
		1D8EA8B82698351A00B06E3E /* NumberCalculate */ = {
			isa = PBXGroup;
			children = (
				1D8EA8B92698351A00B06E3E /* NumberCalculate.h */,
				1D8EA8BA2698351A00B06E3E /* NumberCalculate.m */,
				1D8EA8BB2698351A00B06E3E /* resource */,
			);
			path = NumberCalculate;
			sourceTree = "<group>";
		};
		1D8EA8BB2698351A00B06E3E /* resource */ = {
			isa = PBXGroup;
			children = (
				1D8EA8BC2698351A00B06E3E /* btn_num_add@3x.png */,
				1D8EA8BD2698351A00B06E3E /* btn_num_minus@3x.png */,
				1D8EA8BE2698351A00B06E3E /* btn_num_minus@2x.png */,
				1D8EA8BF2698351A00B06E3E /* btn_num_add@2x.png */,
			);
			path = resource;
			sourceTree = "<group>";
		};
		1D8EA8C02698351A00B06E3E /* LEEAlertCategory */ = {
			isa = PBXGroup;
			children = (
				1D8EA8C12698351A00B06E3E /* LEEAlert+IFApp.h */,
				1D8EA8C22698351A00B06E3E /* LEEAlert+IFApp.m */,
			);
			path = LEEAlertCategory;
			sourceTree = "<group>";
		};
		1D8EA8C32698351A00B06E3E /* CollectionView */ = {
			isa = PBXGroup;
			children = (
				1D8EA8C42698351A00B06E3E /* UICollectionView+Layout.m */,
				1D8EA8C52698351A00B06E3E /* UICollectionView+Layout.h */,
			);
			path = CollectionView;
			sourceTree = "<group>";
		};
		1D8EA8C62698351A00B06E3E /* UIViewCategory */ = {
			isa = PBXGroup;
			children = (
				1D8EA8C72698351A00B06E3E /* UITextField+HLText.m */,
				1D8EA8C82698351A00B06E3E /* UITextView+HLText.m */,
				1D8EA8C92698351A00B06E3E /* UIView+UICatgory.m */,
				1D8EA8CA2698351A00B06E3E /* UILabel+HLText.m */,
				1D8EA8CB2698351A00B06E3E /* UITextField+HLText.h */,
				1D8EA8CC2698351A00B06E3E /* UIView+UICatgory.h */,
				1D8EA8CD2698351A00B06E3E /* UITextView+HLText.h */,
				1D8EA8CE2698351A00B06E3E /* UILabel+HLText.h */,
			);
			path = UIViewCategory;
			sourceTree = "<group>";
		};
		1D8EA8D02698351A00B06E3E /* SKYTextStepper */ = {
			isa = PBXGroup;
			children = (
				1D8EA8D12698351A00B06E3E /* SUNTextStepper.h */,
				1D8EA8D22698351A00B06E3E /* SUNTextStepper.m */,
			);
			path = SKYTextStepper;
			sourceTree = "<group>";
		};
		1D8EA8D32698351A00B06E3E /* Layer */ = {
			isa = PBXGroup;
			children = (
				1D8EA8D42698351A00B06E3E /* CALayer+JM.m */,
				1D8EA8D52698351A00B06E3E /* UIButton+JMSwich.h */,
				1D8EA8D62698351A00B06E3E /* CALayer+JM.h */,
				1D8EA8D72698351A00B06E3E /* UIButton+JMSwich.m */,
			);
			path = Layer;
			sourceTree = "<group>";
		};
		1D8EA8D82698351A00B06E3E /* UIViewControllerShare */ = {
			isa = PBXGroup;
			children = (
				1D8EA8D92698351A00B06E3E /* UIViewController+Share.m */,
				1D8EA8DA2698351A00B06E3E /* UIViewController+Share.h */,
			);
			path = UIViewControllerShare;
			sourceTree = "<group>";
		};
		1D8EA8DB2698351A00B06E3E /* NSStringCategory */ = {
			isa = PBXGroup;
			children = (
				1D8EA8DC2698351A00B06E3E /* NSString+Category.h */,
				1D8EA8DD2698351A00B06E3E /* NSString+NCDate.h */,
				1D8EA8DE2698351A00B06E3E /* NSString+Base64.m */,
				1D8EA8DF2698351A00B06E3E /* NSString+JSON.m */,
				1D8EA8E02698351A00B06E3E /* NSString+NCDate.m */,
				1D8EA8E12698351A00B06E3E /* NSString+Category.m */,
				1D8EA8E22698351A00B06E3E /* NSString+Base64.h */,
				1D8EA8E32698351A00B06E3E /* NSString+JSON.h */,
			);
			path = NSStringCategory;
			sourceTree = "<group>";
		};
		1D8EA8E42698351A00B06E3E /* ButtonCategory */ = {
			isa = PBXGroup;
			children = (
				1D8EA8E52698351A00B06E3E /* IFDurationButton.h */,
				1D8EA8E62698351A00B06E3E /* IFDurationButton.m */,
			);
			path = ButtonCategory;
			sourceTree = "<group>";
		};
		1D8EA8E82698351A00B06E3E /* NSObjectCateGories */ = {
			isa = PBXGroup;
			children = (
				1D8EA8E92698351A00B06E3E /* NSObject+IFSystem.h */,
				1D8EA8EA2698351A00B06E3E /* NSObject+IFSystem.m */,
			);
			path = NSObjectCateGories;
			sourceTree = "<group>";
		};
		1D8EA9132698359000B06E3E /* AppConfig */ = {
			isa = PBXGroup;
			children = (
				1D8EA9142698359000B06E3E /* SizeConst.h */,
				1D8EA9152698359000B06E3E /* AppKeyConst.h */,
				1D8EA9162698359000B06E3E /* FontConfig.h */,
				1D8EA9172698359000B06E3E /* ColorConfig.h */,
				1D8EA9182698359000B06E3E /* CustomConst.h */,
				1D8EA9192698359000B06E3E /* RequestPath.h */,
				1DA40D3E26984AE200711ED5 /* AppConfig.h */,
			);
			path = AppConfig;
			sourceTree = "<group>";
		};
		1D9B7D1C268C6F2E00945D13 = {
			isa = PBXGroup;
			children = (
				1D9B7D27268C6F2E00945D13 /* WZKLibrary */,
				1D9B7D26268C6F2E00945D13 /* Products */,
				36327687E7A394EE50AA2DF3 /* Pods */,
				BB42F01BE2CF9611EFF96C2E /* Frameworks */,
			);
			sourceTree = "<group>";
		};
		1D9B7D26268C6F2E00945D13 /* Products */ = {
			isa = PBXGroup;
			children = (
				1D9B7D25268C6F2E00945D13 /* WZKLibrary.app */,
			);
			name = Products;
			sourceTree = "<group>";
		};
		1D9B7D27268C6F2E00945D13 /* WZKLibrary */ = {
			isa = PBXGroup;
			children = (
				1DA40D4026984D1100711ED5 /* WZKLibrary.h */,
				1D370F3F269836DF003EB452 /* BaseUI */,
				1D8EA9132698359000B06E3E /* AppConfig */,
				1D8EA8B72698351A00B06E3E /* Categories */,
				1D9B7D41268C73A500945D13 /* MBProgressHUD+LL */,
				1D9B7D28268C6F2E00945D13 /* AppDelegate.h */,
				1D9B7D29268C6F2E00945D13 /* AppDelegate.m */,
				1D9B7D2E268C6F2E00945D13 /* ViewController.h */,
				1D9B7D2F268C6F2E00945D13 /* ViewController.m */,
				1D9B7D4C268C766800945D13 /* TestVC */,
				1D9B7D31268C6F2E00945D13 /* Main.storyboard */,
				1D9B7D34268C6F3100945D13 /* Assets.xcassets */,
				1D9B7D36268C6F3100945D13 /* LaunchScreen.storyboard */,
				1D9B7D39268C6F3100945D13 /* Info.plist */,
				1D9B7D3A268C6F3100945D13 /* main.m */,
			);
			path = WZKLibrary;
			sourceTree = "<group>";
		};
		1D9B7D41268C73A500945D13 /* MBProgressHUD+LL */ = {
			isa = PBXGroup;
			children = (
				1D9B7D45268C73A500945D13 /* MBProgressHUD+LL.h */,
				1D9B7D42268C73A500945D13 /* MBProgressHUD+LL.m */,
				1D9B7D43268C73A500945D13 /* MBProgressHUD+SGQRCode.h */,
				1D9B7D46268C73A500945D13 /* MBProgressHUD+SGQRCode.m */,
				1D9B7D44268C73A500945D13 /* MBProgressHUD+LL.bundle */,
				1D9B7D47268C73A500945D13 /* MBProgressHUD.bundle */,
			);
			path = "MBProgressHUD+LL";
			sourceTree = "<group>";
		};
		1D9B7D4C268C766800945D13 /* TestVC */ = {
			isa = PBXGroup;
			children = (
				1D9B7D4D268C79FA00945D13 /* HUDVC.h */,
				1D9B7D4E268C79FA00945D13 /* HUDVC.m */,
				1D9B7D4F268C79FA00945D13 /* HUDVC.xib */,
			);
			path = TestVC;
			sourceTree = "<group>";
		};
		36327687E7A394EE50AA2DF3 /* Pods */ = {
			isa = PBXGroup;
			children = (
				99C7D6337A9AB0F53632575E /* Pods-WZKLibrary.debug.xcconfig */,
				5CD18886BE16121A0321821B /* Pods-WZKLibrary.release.xcconfig */,
			);
			path = Pods;
			sourceTree = "<group>";
		};
		BB42F01BE2CF9611EFF96C2E /* Frameworks */ = {
			isa = PBXGroup;
			children = (
				CCCF9F0C0118BC721D6922A2 /* Pods_WZKLibrary.framework */,
			);
			name = Frameworks;
			sourceTree = "<group>";
		};
/* End PBXGroup section */

/* Begin PBXHeadersBuildPhase section */
		1D9B7D52268D7B5400945D13 /* Headers */ = {
			isa = PBXHeadersBuildPhase;
			buildActionMask = 2147483647;
			files = (
				1D8EA91C2698359000B06E3E /* FontConfig.h in Headers */,
				1D8EA91F2698359000B06E3E /* RequestPath.h in Headers */,
				1D8EA8EB2698351A00B06E3E /* NumberCalculate.h in Headers */,
				1D8EA8FD2698351A00B06E3E /* NSData+Base64.h in Headers */,
				1D370F5F269836DF003EB452 /* BaseViewController.h in Headers */,
				1D370F5A269836DF003EB452 /* APPWebVC.h in Headers */,
				1D8EA8FE2698351A00B06E3E /* SUNTextStepper.h in Headers */,
				1D8EA91D2698359000B06E3E /* ColorConfig.h in Headers */,
				1D8EA90D2698351A00B06E3E /* NSString+JSON.h in Headers */,
				1D8EA8FA2698351A00B06E3E /* UIView+UICatgory.h in Headers */,
				1D8EA8FB2698351A00B06E3E /* UITextView+HLText.h in Headers */,
				1D8EA8F42698351A00B06E3E /* UICollectionView+Layout.h in Headers */,
				1D8EA90C2698351A00B06E3E /* NSString+Base64.h in Headers */,
				1D8EA9052698351A00B06E3E /* UIViewController+Share.h in Headers */,
				1D8EA8F92698351A00B06E3E /* UITextField+HLText.h in Headers */,
				1D370F59269836DF003EB452 /* BaseTableViewCell.h in Headers */,
				1D8EA91E2698359000B06E3E /* CustomConst.h in Headers */,
				1D370F5E269836DF003EB452 /* BaseNavigationController.h in Headers */,
				1D8EA9072698351A00B06E3E /* NSString+NCDate.h in Headers */,
				1D8EA8FC2698351A00B06E3E /* UILabel+HLText.h in Headers */,
				1D8EA91B2698359000B06E3E /* AppKeyConst.h in Headers */,
				1D370F5D269836DF003EB452 /* JMPageVC.h in Headers */,
				1D370F51269836DF003EB452 /* BaseTabController.h in Headers */,
				1D8EA90E2698351A00B06E3E /* IFDurationButton.h in Headers */,
				1D8EA9012698351A00B06E3E /* UIButton+JMSwich.h in Headers */,
				1D370F5B269836DF003EB452 /* BaseView.h in Headers */,
				1D8EA91A2698359000B06E3E /* SizeConst.h in Headers */,
				1D8EA9112698351A00B06E3E /* NSObject+IFSystem.h in Headers */,
				1D370F5C269836DF003EB452 /* HLSwitch.h in Headers */,
				1D8EA9022698351A00B06E3E /* CALayer+JM.h in Headers */,
				1D8EA9062698351A00B06E3E /* NSString+Category.h in Headers */,
				1D8EA8F12698351A00B06E3E /* LEEAlert+IFApp.h in Headers */,
			);
			runOnlyForDeploymentPostprocessing = 0;
		};
/* End PBXHeadersBuildPhase section */

/* Begin PBXNativeTarget section */
		1D9B7D24268C6F2E00945D13 /* WZKLibrary */ = {
			isa = PBXNativeTarget;
			buildConfigurationList = 1D9B7D3E268C6F3100945D13 /* Build configuration list for PBXNativeTarget "WZKLibrary" */;
			buildPhases = (
				0864321B7C8001B6B05C21FB /* [CP] Check Pods Manifest.lock */,
				1D9B7D52268D7B5400945D13 /* Headers */,
				1D9B7D21268C6F2E00945D13 /* Sources */,
				1D9B7D22268C6F2E00945D13 /* Frameworks */,
				1D9B7D23268C6F2E00945D13 /* Resources */,
				0219313FF74F1E31BDBAD05E /* [CP] Embed Pods Frameworks */,
			);
			buildRules = (
			);
			dependencies = (
			);
			name = WZKLibrary;
			productName = WZKLibrary;
			productReference = 1D9B7D25268C6F2E00945D13 /* WZKLibrary.app */;
			productType = "com.apple.product-type.application";
		};
/* End PBXNativeTarget section */

/* Begin PBXProject section */
		1D9B7D1D268C6F2E00945D13 /* Project object */ = {
			isa = PBXProject;
			attributes = {
				LastUpgradeCheck = 1250;
				TargetAttributes = {
					1D9B7D24268C6F2E00945D13 = {
						CreatedOnToolsVersion = 12.5;
					};
				};
			};
			buildConfigurationList = 1D9B7D20268C6F2E00945D13 /* Build configuration list for PBXProject "WZKLibrary" */;
			compatibilityVersion = "Xcode 9.3";
			developmentRegion = en;
			hasScannedForEncodings = 0;
			knownRegions = (
				en,
				Base,
			);
			mainGroup = 1D9B7D1C268C6F2E00945D13;
			productRefGroup = 1D9B7D26268C6F2E00945D13 /* Products */;
			projectDirPath = "";
			projectRoot = "";
			targets = (
				1D9B7D24268C6F2E00945D13 /* WZKLibrary */,
			);
		};
/* End PBXProject section */

/* Begin PBXResourcesBuildPhase section */
		1D9B7D23268C6F2E00945D13 /* Resources */ = {
			isa = PBXResourcesBuildPhase;
			buildActionMask = 2147483647;
			files = (
				1D9B7D51268C79FA00945D13 /* HUDVC.xib in Resources */,
				1D9B7D38268C6F3100945D13 /* LaunchScreen.storyboard in Resources */,
				1D8EA8F02698351A00B06E3E /* btn_num_add@2x.png in Resources */,
				1D9B7D35268C6F3100945D13 /* Assets.xcassets in Resources */,
				1D8EA8ED2698351A00B06E3E /* btn_num_add@3x.png in Resources */,
				1D8EA8EE2698351A00B06E3E /* btn_num_minus@3x.png in Resources */,
				1D8EA8EF2698351A00B06E3E /* btn_num_minus@2x.png in Resources */,
				1D9B7D4B268C73A500945D13 /* MBProgressHUD.bundle in Resources */,
				1D9B7D33268C6F2E00945D13 /* Main.storyboard in Resources */,
				1D9B7D49268C73A500945D13 /* MBProgressHUD+LL.bundle in Resources */,
			);
			runOnlyForDeploymentPostprocessing = 0;
		};
/* End PBXResourcesBuildPhase section */

/* Begin PBXShellScriptBuildPhase section */
		0219313FF74F1E31BDBAD05E /* [CP] Embed Pods Frameworks */ = {
			isa = PBXShellScriptBuildPhase;
			buildActionMask = 2147483647;
			files = (
			);
			inputFileListPaths = (
				"${PODS_ROOT}/Target Support Files/Pods-WZKLibrary/Pods-WZKLibrary-frameworks-${CONFIGURATION}-input-files.xcfilelist",
			);
			name = "[CP] Embed Pods Frameworks";
			outputFileListPaths = (
				"${PODS_ROOT}/Target Support Files/Pods-WZKLibrary/Pods-WZKLibrary-frameworks-${CONFIGURATION}-output-files.xcfilelist",
			);
			runOnlyForDeploymentPostprocessing = 0;
			shellPath = /bin/sh;
			shellScript = "\"${PODS_ROOT}/Target Support Files/Pods-WZKLibrary/Pods-WZKLibrary-frameworks.sh\"\n";
			showEnvVarsInLog = 0;
		};
		0864321B7C8001B6B05C21FB /* [CP] Check Pods Manifest.lock */ = {
			isa = PBXShellScriptBuildPhase;
			buildActionMask = 2147483647;
			files = (
			);
			inputFileListPaths = (
			);
			inputPaths = (
				"${PODS_PODFILE_DIR_PATH}/Podfile.lock",
				"${PODS_ROOT}/Manifest.lock",
			);
			name = "[CP] Check Pods Manifest.lock";
			outputFileListPaths = (
			);
			outputPaths = (
				"$(DERIVED_FILE_DIR)/Pods-WZKLibrary-checkManifestLockResult.txt",
			);
			runOnlyForDeploymentPostprocessing = 0;
			shellPath = /bin/sh;
			shellScript = "diff \"${PODS_PODFILE_DIR_PATH}/Podfile.lock\" \"${PODS_ROOT}/Manifest.lock\" > /dev/null\nif [ $? != 0 ] ; then\n    # print error to STDERR\n    echo \"error: The sandbox is not in sync with the Podfile.lock. Run 'pod install' or update your CocoaPods installation.\" >&2\n    exit 1\nfi\n# This output is used by Xcode 'outputs' to avoid re-running this script phase.\necho \"SUCCESS\" > \"${SCRIPT_OUTPUT_FILE_0}\"\n";
			showEnvVarsInLog = 0;
		};
/* End PBXShellScriptBuildPhase section */

/* Begin PBXSourcesBuildPhase section */
		1D9B7D21268C6F2E00945D13 /* Sources */ = {
			isa = PBXSourcesBuildPhase;
			buildActionMask = 2147483647;
			files = (
				1D8EA90A2698351A00B06E3E /* NSString+NCDate.m in Sources */,
				1D370F56269836DF003EB452 /* HLSwitch.m in Sources */,
				1D8EA9102698351A00B06E3E /* NSData+Base64.m in Sources */,
				1D9B7D50268C79FA00945D13 /* HUDVC.m in Sources */,
				1D370F58269836DF003EB452 /* BaseTabController.m in Sources */,
				1D9B7D30268C6F2E00945D13 /* ViewController.m in Sources */,
				1D8EA9082698351A00B06E3E /* NSString+Base64.m in Sources */,
				1D370F54269836DF003EB452 /* BaseViewController.m in Sources */,
				1D9B7D48268C73A500945D13 /* MBProgressHUD+LL.m in Sources */,
				1D8EA90B2698351A00B06E3E /* NSString+Category.m in Sources */,
				1D9B7D2A268C6F2E00945D13 /* AppDelegate.m in Sources */,
				1D370F55269836DF003EB452 /* BaseNavigationController.m in Sources */,
				1D8EA8F22698351A00B06E3E /* LEEAlert+IFApp.m in Sources */,
				1D370F57269836DF003EB452 /* JMPageVC.m in Sources */,
				1D8EA8F62698351A00B06E3E /* UITextView+HLText.m in Sources */,
				1D8EA9002698351A00B06E3E /* CALayer+JM.m in Sources */,
				1D8EA8EC2698351A00B06E3E /* NumberCalculate.m in Sources */,
				1D8EA9042698351A00B06E3E /* UIViewController+Share.m in Sources */,
				1D8EA8FF2698351A00B06E3E /* SUNTextStepper.m in Sources */,
				1D8EA8F32698351A00B06E3E /* UICollectionView+Layout.m in Sources */,
				1D370F50269836DF003EB452 /* BaseTableViewCell.m in Sources */,
				1D8EA8F82698351A00B06E3E /* UILabel+HLText.m in Sources */,
				1D9B7D3B268C6F3100945D13 /* main.m in Sources */,
				1D8EA9122698351A00B06E3E /* NSObject+IFSystem.m in Sources */,
				1D370F52269836DF003EB452 /* BaseView.m in Sources */,
				1D8EA9092698351A00B06E3E /* NSString+JSON.m in Sources */,
				1D8EA8F52698351A00B06E3E /* UITextField+HLText.m in Sources */,
				1D8EA8F72698351A00B06E3E /* UIView+UICatgory.m in Sources */,
				1D9B7D4A268C73A500945D13 /* MBProgressHUD+SGQRCode.m in Sources */,
				1D8EA90F2698351A00B06E3E /* IFDurationButton.m in Sources */,
				1D8EA9032698351A00B06E3E /* UIButton+JMSwich.m in Sources */,
				1D370F53269836DF003EB452 /* APPWebVC.m in Sources */,
			);
			runOnlyForDeploymentPostprocessing = 0;
		};
/* End PBXSourcesBuildPhase section */

/* Begin PBXVariantGroup section */
		1D9B7D31268C6F2E00945D13 /* Main.storyboard */ = {
			isa = PBXVariantGroup;
			children = (
				1D9B7D32268C6F2E00945D13 /* Base */,
			);
			name = Main.storyboard;
			sourceTree = "<group>";
		};
		1D9B7D36268C6F3100945D13 /* LaunchScreen.storyboard */ = {
			isa = PBXVariantGroup;
			children = (
				1D9B7D37268C6F3100945D13 /* Base */,
			);
			name = LaunchScreen.storyboard;
			sourceTree = "<group>";
		};
/* End PBXVariantGroup section */

/* Begin XCBuildConfiguration section */
		1D9B7D3C268C6F3100945D13 /* Debug */ = {
			isa = XCBuildConfiguration;
			buildSettings = {
				ALWAYS_SEARCH_USER_PATHS = NO;
				CLANG_ANALYZER_NONNULL = YES;
				CLANG_ANALYZER_NUMBER_OBJECT_CONVERSION = YES_AGGRESSIVE;
				CLANG_CXX_LANGUAGE_STANDARD = "gnu++14";
				CLANG_CXX_LIBRARY = "libc++";
				CLANG_ENABLE_MODULES = YES;
				CLANG_ENABLE_OBJC_ARC = YES;
				CLANG_ENABLE_OBJC_WEAK = YES;
				CLANG_WARN_BLOCK_CAPTURE_AUTORELEASING = YES;
				CLANG_WARN_BOOL_CONVERSION = YES;
				CLANG_WARN_COMMA = YES;
				CLANG_WARN_CONSTANT_CONVERSION = YES;
				CLANG_WARN_DEPRECATED_OBJC_IMPLEMENTATIONS = YES;
				CLANG_WARN_DIRECT_OBJC_ISA_USAGE = YES_ERROR;
				CLANG_WARN_DOCUMENTATION_COMMENTS = YES;
				CLANG_WARN_EMPTY_BODY = YES;
				CLANG_WARN_ENUM_CONVERSION = YES;
				CLANG_WARN_INFINITE_RECURSION = YES;
				CLANG_WARN_INT_CONVERSION = YES;
				CLANG_WARN_NON_LITERAL_NULL_CONVERSION = YES;
				CLANG_WARN_OBJC_IMPLICIT_RETAIN_SELF = YES;
				CLANG_WARN_OBJC_LITERAL_CONVERSION = YES;
				CLANG_WARN_OBJC_ROOT_CLASS = YES_ERROR;
				CLANG_WARN_QUOTED_INCLUDE_IN_FRAMEWORK_HEADER = YES;
				CLANG_WARN_RANGE_LOOP_ANALYSIS = YES;
				CLANG_WARN_STRICT_PROTOTYPES = YES;
				CLANG_WARN_SUSPICIOUS_MOVE = YES;
				CLANG_WARN_UNGUARDED_AVAILABILITY = YES_AGGRESSIVE;
				CLANG_WARN_UNREACHABLE_CODE = YES;
				CLANG_WARN__DUPLICATE_METHOD_MATCH = YES;
				COPY_PHASE_STRIP = NO;
				DEBUG_INFORMATION_FORMAT = dwarf;
				ENABLE_STRICT_OBJC_MSGSEND = YES;
				ENABLE_TESTABILITY = YES;
				GCC_C_LANGUAGE_STANDARD = gnu11;
				GCC_DYNAMIC_NO_PIC = NO;
				GCC_NO_COMMON_BLOCKS = YES;
				GCC_OPTIMIZATION_LEVEL = 0;
				GCC_PREPROCESSOR_DEFINITIONS = (
					"DEBUG=1",
					"$(inherited)",
				);
				GCC_WARN_64_TO_32_BIT_CONVERSION = YES;
				GCC_WARN_ABOUT_RETURN_TYPE = YES_ERROR;
				GCC_WARN_UNDECLARED_SELECTOR = YES;
				GCC_WARN_UNINITIALIZED_AUTOS = YES_AGGRESSIVE;
				GCC_WARN_UNUSED_FUNCTION = YES;
				GCC_WARN_UNUSED_VARIABLE = YES;
				IPHONEOS_DEPLOYMENT_TARGET = 9.0;
				MTL_ENABLE_DEBUG_INFO = INCLUDE_SOURCE;
				MTL_FAST_MATH = YES;
				ONLY_ACTIVE_ARCH = YES;
				SDKROOT = iphoneos;
			};
			name = Debug;
		};
		1D9B7D3D268C6F3100945D13 /* Release */ = {
			isa = XCBuildConfiguration;
			buildSettings = {
				ALWAYS_SEARCH_USER_PATHS = NO;
				CLANG_ANALYZER_NONNULL = YES;
				CLANG_ANALYZER_NUMBER_OBJECT_CONVERSION = YES_AGGRESSIVE;
				CLANG_CXX_LANGUAGE_STANDARD = "gnu++14";
				CLANG_CXX_LIBRARY = "libc++";
				CLANG_ENABLE_MODULES = YES;
				CLANG_ENABLE_OBJC_ARC = YES;
				CLANG_ENABLE_OBJC_WEAK = YES;
				CLANG_WARN_BLOCK_CAPTURE_AUTORELEASING = YES;
				CLANG_WARN_BOOL_CONVERSION = YES;
				CLANG_WARN_COMMA = YES;
				CLANG_WARN_CONSTANT_CONVERSION = YES;
				CLANG_WARN_DEPRECATED_OBJC_IMPLEMENTATIONS = YES;
				CLANG_WARN_DIRECT_OBJC_ISA_USAGE = YES_ERROR;
				CLANG_WARN_DOCUMENTATION_COMMENTS = YES;
				CLANG_WARN_EMPTY_BODY = YES;
				CLANG_WARN_ENUM_CONVERSION = YES;
				CLANG_WARN_INFINITE_RECURSION = YES;
				CLANG_WARN_INT_CONVERSION = YES;
				CLANG_WARN_NON_LITERAL_NULL_CONVERSION = YES;
				CLANG_WARN_OBJC_IMPLICIT_RETAIN_SELF = YES;
				CLANG_WARN_OBJC_LITERAL_CONVERSION = YES;
				CLANG_WARN_OBJC_ROOT_CLASS = YES_ERROR;
				CLANG_WARN_QUOTED_INCLUDE_IN_FRAMEWORK_HEADER = YES;
				CLANG_WARN_RANGE_LOOP_ANALYSIS = YES;
				CLANG_WARN_STRICT_PROTOTYPES = YES;
				CLANG_WARN_SUSPICIOUS_MOVE = YES;
				CLANG_WARN_UNGUARDED_AVAILABILITY = YES_AGGRESSIVE;
				CLANG_WARN_UNREACHABLE_CODE = YES;
				CLANG_WARN__DUPLICATE_METHOD_MATCH = YES;
				COPY_PHASE_STRIP = NO;
				DEBUG_INFORMATION_FORMAT = "dwarf-with-dsym";
				ENABLE_NS_ASSERTIONS = NO;
				ENABLE_STRICT_OBJC_MSGSEND = YES;
				GCC_C_LANGUAGE_STANDARD = gnu11;
				GCC_NO_COMMON_BLOCKS = YES;
				GCC_WARN_64_TO_32_BIT_CONVERSION = YES;
				GCC_WARN_ABOUT_RETURN_TYPE = YES_ERROR;
				GCC_WARN_UNDECLARED_SELECTOR = YES;
				GCC_WARN_UNINITIALIZED_AUTOS = YES_AGGRESSIVE;
				GCC_WARN_UNUSED_FUNCTION = YES;
				GCC_WARN_UNUSED_VARIABLE = YES;
				IPHONEOS_DEPLOYMENT_TARGET = 9.0;
				MTL_ENABLE_DEBUG_INFO = NO;
				MTL_FAST_MATH = YES;
				SDKROOT = iphoneos;
				VALIDATE_PRODUCT = YES;
			};
			name = Release;
		};
		1D9B7D3F268C6F3100945D13 /* Debug */ = {
			isa = XCBuildConfiguration;
			baseConfigurationReference = 99C7D6337A9AB0F53632575E /* Pods-WZKLibrary.debug.xcconfig */;
			buildSettings = {
				ASSETCATALOG_COMPILER_APPICON_NAME = AppIcon;
				ASSETCATALOG_COMPILER_GLOBAL_ACCENT_COLOR_NAME = AccentColor;
				CODE_SIGN_IDENTITY = "iPhone Developer";
				CODE_SIGN_STYLE = Manual;
				DEVELOPMENT_TEAM = PUB56GJAB8;
				INFOPLIST_FILE = WZKLibrary/Info.plist;
				LD_RUNPATH_SEARCH_PATHS = (
					"$(inherited)",
					"@executable_path/Frameworks",
				);
				MARKETING_VERSION = 1.1;
				PRODUCT_BUNDLE_IDENTIFIER = com.hongsi.hongsiapp;
				PRODUCT_NAME = "$(TARGET_NAME)";
				PROVISIONING_PROFILE_SPECIFIER = HSAppDev;
				TARGETED_DEVICE_FAMILY = 1;
			};
			name = Debug;
		};
		1D9B7D40268C6F3100945D13 /* Release */ = {
			isa = XCBuildConfiguration;
			baseConfigurationReference = 5CD18886BE16121A0321821B /* Pods-WZKLibrary.release.xcconfig */;
			buildSettings = {
				ASSETCATALOG_COMPILER_APPICON_NAME = AppIcon;
				ASSETCATALOG_COMPILER_GLOBAL_ACCENT_COLOR_NAME = AccentColor;
				CODE_SIGN_IDENTITY = "iPhone Developer";
				CODE_SIGN_STYLE = Manual;
				DEVELOPMENT_TEAM = PUB56GJAB8;
				INFOPLIST_FILE = WZKLibrary/Info.plist;
				LD_RUNPATH_SEARCH_PATHS = (
					"$(inherited)",
					"@executable_path/Frameworks",
				);
				MARKETING_VERSION = 1.1;
				PRODUCT_BUNDLE_IDENTIFIER = com.hongsi.hongsiapp;
				PRODUCT_NAME = "$(TARGET_NAME)";
				PROVISIONING_PROFILE_SPECIFIER = HSAppDev;
				TARGETED_DEVICE_FAMILY = 1;
			};
			name = Release;
		};
/* End XCBuildConfiguration section */

/* Begin XCConfigurationList section */
		1D9B7D20268C6F2E00945D13 /* Build configuration list for PBXProject "WZKLibrary" */ = {
			isa = XCConfigurationList;
			buildConfigurations = (
				1D9B7D3C268C6F3100945D13 /* Debug */,
				1D9B7D3D268C6F3100945D13 /* Release */,
			);
			defaultConfigurationIsVisible = 0;
			defaultConfigurationName = Release;
		};
		1D9B7D3E268C6F3100945D13 /* Build configuration list for PBXNativeTarget "WZKLibrary" */ = {
			isa = XCConfigurationList;
			buildConfigurations = (
				1D9B7D3F268C6F3100945D13 /* Debug */,
				1D9B7D40268C6F3100945D13 /* Release */,
			);
			defaultConfigurationIsVisible = 0;
			defaultConfigurationName = Release;
		};
/* End XCConfigurationList section */
	};
	rootObject = 1D9B7D1D268C6F2E00945D13 /* Project object */;
}
